// !$*UTF8*$!
{
	archiveVersion = 1;
	classes = {
	};
	objectVersion = 50;
	objects = {

/* Begin PBXBuildFile section */
		700F7917247BBC5A00526F5A /* Product.swift in Sources */ = {isa = PBXBuildFile; fileRef = 700F7916247BBC5A00526F5A /* Product.swift */; };
		700F7919247BC66B00526F5A /* ProductCollectionViewCell.swift in Sources */ = {isa = PBXBuildFile; fileRef = 700F7918247BC66B00526F5A /* ProductCollectionViewCell.swift */; };
		700F791B247BC8F500526F5A /* ProductsViewController.swift in Sources */ = {isa = PBXBuildFile; fileRef = 700F791A247BC8F500526F5A /* ProductsViewController.swift */; };
		709A2CA82474478800377D45 /* Loader.swift in Sources */ = {isa = PBXBuildFile; fileRef = 709A2CA72474478800377D45 /* Loader.swift */; };
		709A2CAA2474487200377D45 /* Category.swift in Sources */ = {isa = PBXBuildFile; fileRef = 709A2CA92474487200377D45 /* Category.swift */; };
		70F8FB0D24730285005D42FF /* AppDelegate.swift in Sources */ = {isa = PBXBuildFile; fileRef = 70F8FB0C24730285005D42FF /* AppDelegate.swift */; };
		70F8FB0F24730285005D42FF /* SceneDelegate.swift in Sources */ = {isa = PBXBuildFile; fileRef = 70F8FB0E24730285005D42FF /* SceneDelegate.swift */; };
		70F8FB1424730285005D42FF /* Main.storyboard in Resources */ = {isa = PBXBuildFile; fileRef = 70F8FB1224730285005D42FF /* Main.storyboard */; };
		70F8FB1624730286005D42FF /* Assets.xcassets in Resources */ = {isa = PBXBuildFile; fileRef = 70F8FB1524730286005D42FF /* Assets.xcassets */; };
		70F8FB1924730286005D42FF /* LaunchScreen.storyboard in Resources */ = {isa = PBXBuildFile; fileRef = 70F8FB1724730286005D42FF /* LaunchScreen.storyboard */; };
		70F8FB232473218C005D42FF /* CategoryTableViewCell.swift in Sources */ = {isa = PBXBuildFile; fileRef = 70F8FB222473218C005D42FF /* CategoryTableViewCell.swift */; };
		70F8FB2524733EF9005D42FF /* CategoryViewController.swift in Sources */ = {isa = PBXBuildFile; fileRef = 70F8FB2424733EF9005D42FF /* CategoryViewController.swift */; };
/* End PBXBuildFile section */

/* Begin PBXFileReference section */
		700F7916247BBC5A00526F5A /* Product.swift */ = {isa = PBXFileReference; lastKnownFileType = sourcecode.swift; path = Product.swift; sourceTree = "<group>"; };
		700F7918247BC66B00526F5A /* ProductCollectionViewCell.swift */ = {isa = PBXFileReference; lastKnownFileType = sourcecode.swift; path = ProductCollectionViewCell.swift; sourceTree = "<group>"; };
		700F791A247BC8F500526F5A /* ProductsViewController.swift */ = {isa = PBXFileReference; lastKnownFileType = sourcecode.swift; path = ProductsViewController.swift; sourceTree = "<group>"; };
		709A2CA72474478800377D45 /* Loader.swift */ = {isa = PBXFileReference; lastKnownFileType = sourcecode.swift; path = Loader.swift; sourceTree = "<group>"; };
		709A2CA92474487200377D45 /* Category.swift */ = {isa = PBXFileReference; lastKnownFileType = sourcecode.swift; path = Category.swift; sourceTree = "<group>"; };
		70F8FB0924730285005D42FF /* BlackStarWear.app */ = {isa = PBXFileReference; explicitFileType = wrapper.application; includeInIndex = 0; path = BlackStarWear.app; sourceTree = BUILT_PRODUCTS_DIR; };
		70F8FB0C24730285005D42FF /* AppDelegate.swift */ = {isa = PBXFileReference; lastKnownFileType = sourcecode.swift; path = AppDelegate.swift; sourceTree = "<group>"; };
		70F8FB0E24730285005D42FF /* SceneDelegate.swift */ = {isa = PBXFileReference; lastKnownFileType = sourcecode.swift; path = SceneDelegate.swift; sourceTree = "<group>"; };
		70F8FB1324730285005D42FF /* Base */ = {isa = PBXFileReference; lastKnownFileType = file.storyboard; name = Base; path = Base.lproj/Main.storyboard; sourceTree = "<group>"; };
		70F8FB1524730286005D42FF /* Assets.xcassets */ = {isa = PBXFileReference; lastKnownFileType = folder.assetcatalog; path = Assets.xcassets; sourceTree = "<group>"; };
		70F8FB1824730286005D42FF /* Base */ = {isa = PBXFileReference; lastKnownFileType = file.storyboard; name = Base; path = Base.lproj/LaunchScreen.storyboard; sourceTree = "<group>"; };
		70F8FB1A24730286005D42FF /* Info.plist */ = {isa = PBXFileReference; lastKnownFileType = text.plist.xml; path = Info.plist; sourceTree = "<group>"; };
		70F8FB222473218C005D42FF /* CategoryTableViewCell.swift */ = {isa = PBXFileReference; lastKnownFileType = sourcecode.swift; path = CategoryTableViewCell.swift; sourceTree = "<group>"; };
		70F8FB2424733EF9005D42FF /* CategoryViewController.swift */ = {isa = PBXFileReference; lastKnownFileType = sourcecode.swift; path = CategoryViewController.swift; sourceTree = "<group>"; };
/* End PBXFileReference section */

/* Begin PBXFrameworksBuildPhase section */
		70F8FB0624730285005D42FF /* Frameworks */ = {
			isa = PBXFrameworksBuildPhase;
			buildActionMask = 2147483647;
			files = (
			);
			runOnlyForDeploymentPostprocessing = 0;
		};
/* End PBXFrameworksBuildPhase section */

/* Begin PBXGroup section */
		700F7913247BBAE900526F5A /* Products */ = {
			isa = PBXGroup;
			children = (
				700F7916247BBC5A00526F5A /* Product.swift */,
				700F7918247BC66B00526F5A /* ProductCollectionViewCell.swift */,
				700F791A247BC8F500526F5A /* ProductsViewController.swift */,
			);
			path = Products;
			sourceTree = "<group>";
		};
		70A8584C2479BE870033DBFB /* Categories */ = {
			isa = PBXGroup;
			children = (
				709A2CA92474487200377D45 /* Category.swift */,
				70F8FB222473218C005D42FF /* CategoryTableViewCell.swift */,
				70F8FB2424733EF9005D42FF /* CategoryViewController.swift */,
			);
			path = Categories;
			sourceTree = "<group>";
		};
		70F8FB0024730285005D42FF = {
			isa = PBXGroup;
			children = (
				70F8FB0B24730285005D42FF /* BlackStarWear */,
				70F8FB0A24730285005D42FF /* Products */,
			);
			sourceTree = "<group>";
		};
		70F8FB0A24730285005D42FF /* Products */ = {
			isa = PBXGroup;
			children = (
				70F8FB0924730285005D42FF /* BlackStarWear.app */,
			);
			name = Products;
			sourceTree = "<group>";
		};
		70F8FB0B24730285005D42FF /* BlackStarWear */ = {
			isa = PBXGroup;
			children = (
				70F8FB0C24730285005D42FF /* AppDelegate.swift */,
				70F8FB0E24730285005D42FF /* SceneDelegate.swift */,
				709A2CA72474478800377D45 /* Loader.swift */,
				70A8584C2479BE870033DBFB /* Categories */,
				700F7913247BBAE900526F5A /* Products */,
				70F8FB1224730285005D42FF /* Main.storyboard */,
				70F8FB1524730286005D42FF /* Assets.xcassets */,
				70F8FB1724730286005D42FF /* LaunchScreen.storyboard */,
				70F8FB1A24730286005D42FF /* Info.plist */,
			);
			path = BlackStarWear;
			sourceTree = "<group>";
		};
/* End PBXGroup section */

/* Begin PBXNativeTarget section */
		70F8FB0824730285005D42FF /* BlackStarWear */ = {
			isa = PBXNativeTarget;
			buildConfigurationList = 70F8FB1D24730286005D42FF /* Build configuration list for PBXNativeTarget "BlackStarWear" */;
			buildPhases = (
				70F8FB0524730285005D42FF /* Sources */,
				70F8FB0624730285005D42FF /* Frameworks */,
				70F8FB0724730285005D42FF /* Resources */,
			);
			buildRules = (
			);
			dependencies = (
			);
			name = BlackStarWear;
			productName = BlackStarWear;
			productReference = 70F8FB0924730285005D42FF /* BlackStarWear.app */;
			productType = "com.apple.product-type.application";
		};
/* End PBXNativeTarget section */

/* Begin PBXProject section */
		70F8FB0124730285005D42FF /* Project object */ = {
			isa = PBXProject;
			attributes = {
				LastSwiftUpdateCheck = 1140;
				LastUpgradeCheck = 1140;
				ORGANIZATIONNAME = "Egor Malyshev";
				TargetAttributes = {
					70F8FB0824730285005D42FF = {
						CreatedOnToolsVersion = 11.4.1;
					};
				};
			};
			buildConfigurationList = 70F8FB0424730285005D42FF /* Build configuration list for PBXProject "BlackStarWear" */;
			compatibilityVersion = "Xcode 9.3";
			developmentRegion = en;
			hasScannedForEncodings = 0;
			knownRegions = (
				en,
				Base,
			);
			mainGroup = 70F8FB0024730285005D42FF;
			productRefGroup = 70F8FB0A24730285005D42FF /* Products */;
			projectDirPath = "";
			projectRoot = "";
			targets = (
				70F8FB0824730285005D42FF /* BlackStarWear */,
			);
		};
/* End PBXProject section */

/* Begin PBXResourcesBuildPhase section */
		70F8FB0724730285005D42FF /* Resources */ = {
			isa = PBXResourcesBuildPhase;
			buildActionMask = 2147483647;
			files = (
				70F8FB1924730286005D42FF /* LaunchScreen.storyboard in Resources */,
				70F8FB1624730286005D42FF /* Assets.xcassets in Resources */,
				70F8FB1424730285005D42FF /* Main.storyboard in Resources */,
			);
			runOnlyForDeploymentPostprocessing = 0;
		};
/* End PBXResourcesBuildPhase section */

/* Begin PBXSourcesBuildPhase section */
		70F8FB0524730285005D42FF /* Sources */ = {
			isa = PBXSourcesBuildPhase;
			buildActionMask = 2147483647;
			files = (
				70F8FB2524733EF9005D42FF /* CategoryViewController.swift in Sources */,
				700F7917247BBC5A00526F5A /* Product.swift in Sources */,
				70F8FB232473218C005D42FF /* CategoryTableViewCell.swift in Sources */,
				709A2CA82474478800377D45 /* Loader.swift in Sources */,
				700F791B247BC8F500526F5A /* ProductsViewController.swift in Sources */,
				70F8FB0D24730285005D42FF /* AppDelegate.swift in Sources */,
				70F8FB0F24730285005D42FF /* SceneDelegate.swift in Sources */,
				709A2CAA2474487200377D45 /* Category.swift in Sources */,
				700F7919247BC66B00526F5A /* ProductCollectionViewCell.swift in Sources */,
			);
			runOnlyForDeploymentPostprocessing = 0;
		};
/* End PBXSourcesBuildPhase section */

/* Begin PBXVariantGroup section */
		70F8FB1224730285005D42FF /* Main.storyboard */ = {
			isa = PBXVariantGroup;
			children = (
				70F8FB1324730285005D42FF /* Base */,
			);
			name = Main.storyboard;
			sourceTree = "<group>";
		};
		70F8FB1724730286005D42FF /* LaunchScreen.storyboard */ = {
			isa = PBXVariantGroup;
			children = (
				70F8FB1824730286005D42FF /* Base */,
			);
			name = LaunchScreen.storyboard;
			sourceTree = "<group>";
		};
/* End PBXVariantGroup section */

/* Begin XCBuildConfiguration section */
		70F8FB1B24730286005D42FF /* Debug */ = {
			isa = XCBuildConfiguration;
			buildSettings = {
				ALWAYS_SEARCH_USER_PATHS = NO;
				CLANG_ANALYZER_NONNULL = YES;
				CLANG_ANALYZER_NUMBER_OBJECT_CONVERSION = YES_AGGRESSIVE;
				CLANG_CXX_LANGUAGE_STANDARD = "gnu++14";
				CLANG_CXX_LIBRARY = "libc++";
				CLANG_ENABLE_MODULES = YES;
				CLANG_ENABLE_OBJC_ARC = YES;
				CLANG_ENABLE_OBJC_WEAK = YES;
				CLANG_WARN_BLOCK_CAPTURE_AUTORELEASING = YES;
				CLANG_WARN_BOOL_CONVERSION = YES;
				CLANG_WARN_COMMA = YES;
				CLANG_WARN_CONSTANT_CONVERSION = YES;
				CLANG_WARN_DEPRECATED_OBJC_IMPLEMENTATIONS = YES;
				CLANG_WARN_DIRECT_OBJC_ISA_USAGE = YES_ERROR;
				CLANG_WARN_DOCUMENTATION_COMMENTS = YES;
				CLANG_WARN_EMPTY_BODY = YES;
				CLANG_WARN_ENUM_CONVERSION = YES;
				CLANG_WARN_INFINITE_RECURSION = YES;
				CLANG_WARN_INT_CONVERSION = YES;
				CLANG_WARN_NON_LITERAL_NULL_CONVERSION = YES;
				CLANG_WARN_OBJC_IMPLICIT_RETAIN_SELF = YES;
				CLANG_WARN_OBJC_LITERAL_CONVERSION = YES;
				CLANG_WARN_OBJC_ROOT_CLASS = YES_ERROR;
				CLANG_WARN_RANGE_LOOP_ANALYSIS = YES;
				CLANG_WARN_STRICT_PROTOTYPES = YES;
				CLANG_WARN_SUSPICIOUS_MOVE = YES;
				CLANG_WARN_UNGUARDED_AVAILABILITY = YES_AGGRESSIVE;
				CLANG_WARN_UNREACHABLE_CODE = YES;
				CLANG_WARN__DUPLICATE_METHOD_MATCH = YES;
				COPY_PHASE_STRIP = NO;
				DEBUG_INFORMATION_FORMAT = dwarf;
				ENABLE_STRICT_OBJC_MSGSEND = YES;
				ENABLE_TESTABILITY = YES;
				GCC_C_LANGUAGE_STANDARD = gnu11;
				GCC_DYNAMIC_NO_PIC = NO;
				GCC_NO_COMMON_BLOCKS = YES;
				GCC_OPTIMIZATION_LEVEL = 0;
				GCC_PREPROCESSOR_DEFINITIONS = (
					"DEBUG=1",
					"$(inherited)",
				);
				GCC_WARN_64_TO_32_BIT_CONVERSION = YES;
				GCC_WARN_ABOUT_RETURN_TYPE = YES_ERROR;
				GCC_WARN_UNDECLARED_SELECTOR = YES;
				GCC_WARN_UNINITIALIZED_AUTOS = YES_AGGRESSIVE;
				GCC_WARN_UNUSED_FUNCTION = YES;
				GCC_WARN_UNUSED_VARIABLE = YES;
				IPHONEOS_DEPLOYMENT_TARGET = 13.4;
				MTL_ENABLE_DEBUG_INFO = INCLUDE_SOURCE;
				MTL_FAST_MATH = YES;
				ONLY_ACTIVE_ARCH = YES;
				SDKROOT = iphoneos;
				SWIFT_ACTIVE_COMPILATION_CONDITIONS = DEBUG;
				SWIFT_OPTIMIZATION_LEVEL = "-Onone";
			};
			name = Debug;
		};
		70F8FB1C24730286005D42FF /* Release */ = {
			isa = XCBuildConfiguration;
			buildSettings = {
				ALWAYS_SEARCH_USER_PATHS = NO;
				CLANG_ANALYZER_NONNULL = YES;
				CLANG_ANALYZER_NUMBER_OBJECT_CONVERSION = YES_AGGRESSIVE;
				CLANG_CXX_LANGUAGE_STANDARD = "gnu++14";
				CLANG_CXX_LIBRARY = "libc++";
				CLANG_ENABLE_MODULES = YES;
				CLANG_ENABLE_OBJC_ARC = YES;
				CLANG_ENABLE_OBJC_WEAK = YES;
				CLANG_WARN_BLOCK_CAPTURE_AUTORELEASING = YES;
				CLANG_WARN_BOOL_CONVERSION = YES;
				CLANG_WARN_COMMA = YES;
				CLANG_WARN_CONSTANT_CONVERSION = YES;
				CLANG_WARN_DEPRECATED_OBJC_IMPLEMENTATIONS = YES;
				CLANG_WARN_DIRECT_OBJC_ISA_USAGE = YES_ERROR;
				CLANG_WARN_DOCUMENTATION_COMMENTS = YES;
				CLANG_WARN_EMPTY_BODY = YES;
				CLANG_WARN_ENUM_CONVERSION = YES;
				CLANG_WARN_INFINITE_RECURSION = YES;
				CLANG_WARN_INT_CONVERSION = YES;
				CLANG_WARN_NON_LITERAL_NULL_CONVERSION = YES;
				CLANG_WARN_OBJC_IMPLICIT_RETAIN_SELF = YES;
				CLANG_WARN_OBJC_LITERAL_CONVERSION = YES;
				CLANG_WARN_OBJC_ROOT_CLASS = YES_ERROR;
				CLANG_WARN_RANGE_LOOP_ANALYSIS = YES;
				CLANG_WARN_STRICT_PROTOTYPES = YES;
				CLANG_WARN_SUSPICIOUS_MOVE = YES;
				CLANG_WARN_UNGUARDED_AVAILABILITY = YES_AGGRESSIVE;
				CLANG_WARN_UNREACHABLE_CODE = YES;
				CLANG_WARN__DUPLICATE_METHOD_MATCH = YES;
				COPY_PHASE_STRIP = NO;
				DEBUG_INFORMATION_FORMAT = "dwarf-with-dsym";
				ENABLE_NS_ASSERTIONS = NO;
				ENABLE_STRICT_OBJC_MSGSEND = YES;
				GCC_C_LANGUAGE_STANDARD = gnu11;
				GCC_NO_COMMON_BLOCKS = YES;
				GCC_WARN_64_TO_32_BIT_CONVERSION = YES;
				GCC_WARN_ABOUT_RETURN_TYPE = YES_ERROR;
				GCC_WARN_UNDECLARED_SELECTOR = YES;
				GCC_WARN_UNINITIALIZED_AUTOS = YES_AGGRESSIVE;
				GCC_WARN_UNUSED_FUNCTION = YES;
				GCC_WARN_UNUSED_VARIABLE = YES;
				IPHONEOS_DEPLOYMENT_TARGET = 13.4;
				MTL_ENABLE_DEBUG_INFO = NO;
				MTL_FAST_MATH = YES;
				SDKROOT = iphoneos;
				SWIFT_COMPILATION_MODE = wholemodule;
				SWIFT_OPTIMIZATION_LEVEL = "-O";
				VALIDATE_PRODUCT = YES;
			};
			name = Release;
		};
		70F8FB1E24730286005D42FF /* Debug */ = {
			isa = XCBuildConfiguration;
			buildSettings = {
				ASSETCATALOG_COMPILER_APPICON_NAME = AppIcon;
				CODE_SIGN_STYLE = Automatic;
				INFOPLIST_FILE = BlackStarWear/Info.plist;
				LD_RUNPATH_SEARCH_PATHS = (
					"$(inherited)",
					"@executable_path/Frameworks",
				);
				PRODUCT_BUNDLE_IDENTIFIER = EM.BlackStarWear;
				PRODUCT_NAME = "$(TARGET_NAME)";
				SWIFT_VERSION = 5.0;
				TARGETED_DEVICE_FAMILY = "1,2";
			};
			name = Debug;
		};
		70F8FB1F24730286005D42FF /* Release */ = {
			isa = XCBuildConfiguration;
			buildSettings = {
				ASSETCATALOG_COMPILER_APPICON_NAME = AppIcon;
				CODE_SIGN_STYLE = Automatic;
				INFOPLIST_FILE = BlackStarWear/Info.plist;
				LD_RUNPATH_SEARCH_PATHS = (
					"$(inherited)",
					"@executable_path/Frameworks",
				);
				PRODUCT_BUNDLE_IDENTIFIER = EM.BlackStarWear;
				PRODUCT_NAME = "$(TARGET_NAME)";
				SWIFT_VERSION = 5.0;
				TARGETED_DEVICE_FAMILY = "1,2";
			};
			name = Release;
		};
/* End XCBuildConfiguration section */

/* Begin XCConfigurationList section */
		70F8FB0424730285005D42FF /* Build configuration list for PBXProject "BlackStarWear" */ = {
			isa = XCConfigurationList;
			buildConfigurations = (
				70F8FB1B24730286005D42FF /* Debug */,
				70F8FB1C24730286005D42FF /* Release */,
			);
			defaultConfigurationIsVisible = 0;
			defaultConfigurationName = Release;
		};
		70F8FB1D24730286005D42FF /* Build configuration list for PBXNativeTarget "BlackStarWear" */ = {
			isa = XCConfigurationList;
			buildConfigurations = (
				70F8FB1E24730286005D42FF /* Debug */,
				70F8FB1F24730286005D42FF /* Release */,
			);
			defaultConfigurationIsVisible = 0;
			defaultConfigurationName = Release;
		};
/* End XCConfigurationList section */
	};
	rootObject = 70F8FB0124730285005D42FF /* Project object */;
}
